
Microsoft Visual Studio Solution File, Format Version 12.00
# Visual Studio Version 17
VisualStudioVersion = 17.8.34408.163
MinimumVisualStudioVersion = 10.0.40219.1
Project("{8BC9CEB8-8B4A-11D0-8D11-00A0C91BC942}") = "Clase07-02-24", "Clase07-02-24\Clase07-02-24.vcxproj", "{4E4D0A90-58AD-44FF-BE35-384F6AB27B53}"
EndProject
Global
	GlobalSection(SolutionConfigurationPlatforms) = preSolution
		Debug|x64 = Debug|x64
		Release|x64 = Release|x64
	EndGlobalSection
	GlobalSection(ProjectConfigurationPlatforms) = postSolution
		{4E4D0A90-58AD-44FF-BE35-384F6AB27B53}.Debug|x64.ActiveCfg = Debug|x64
		{4E4D0A90-58AD-44FF-BE35-384F6AB27B53}.Debug|x64.Build.0 = Debug|x64
		{4E4D0A90-58AD-44FF-BE35-384F6AB27B53}.Release|x64.ActiveCfg = Release|x64
		{4E4D0A90-58AD-44FF-BE35-384F6AB27B53}.Release|x64.Build.0 = Release|x64
	EndGlobalSection
	GlobalSection(SolutionProperties) = preSolution
		HideSolutionNode = FALSE
	EndGlobalSection
	GlobalSection(ExtensibilityGlobals) = postSolution
		SolutionGuid = {7BBC478E-ADB4-4C40-827E-0768DB0C9231}
	EndGlobalSection
EndGlobal
