
Microsoft Visual Studio Solution File, Format Version 12.00
# Visual Studio Version 17
VisualStudioVersion = 17.8.34408.163
MinimumVisualStudioVersion = 10.0.40219.1
Project("{8BC9CEB8-8B4A-11D0-8D11-00A0C91BC942}") = "labQuickSort", "labQuickSort\labQuickSort.vcxproj", "{9F47B4BF-BC27-4716-8161-E6EBA34EEB09}"
EndProject
Global
	GlobalSection(SolutionConfigurationPlatforms) = preSolution
		Debug|x64 = Debug|x64
		Release|x64 = Release|x64
	EndGlobalSection
	GlobalSection(ProjectConfigurationPlatforms) = postSolution
		{9F47B4BF-BC27-4716-8161-E6EBA34EEB09}.Debug|x64.ActiveCfg = Debug|x64
		{9F47B4BF-BC27-4716-8161-E6EBA34EEB09}.Debug|x64.Build.0 = Debug|x64
		{9F47B4BF-BC27-4716-8161-E6EBA34EEB09}.Release|x64.ActiveCfg = Release|x64
		{9F47B4BF-BC27-4716-8161-E6EBA34EEB09}.Release|x64.Build.0 = Release|x64
	EndGlobalSection
	GlobalSection(SolutionProperties) = preSolution
		HideSolutionNode = FALSE
	EndGlobalSection
	GlobalSection(ExtensibilityGlobals) = postSolution
		SolutionGuid = {956F621E-0BB9-4EBD-B9AB-30B73BBABF2A}
	EndGlobalSection
EndGlobal
